Microsoft Visual Studio Solution File, Format Version 12.00
# Visual Studio Version 17
VisualStudioVersion = 17.5.2.0
MinimumVisualStudioVersion = 10.0.40219.1
Project("{FAE04EC0-301F-11D3-BF4B-00C04F79EFBC}") = "Selu383.SP26.Api", "Selu383.SP26.Api.csproj", "{C0F615E2-CD26-645F-D489-7AA2D7C74678}"
EndProject
Global
	GlobalSection(SolutionConfigurationPlatforms) = preSolution
		Debug|Any CPU = Debug|Any CPU
		Release|Any CPU = Release|Any CPU
	EndGlobalSection
	GlobalSection(ProjectConfigurationPlatforms) = postSolution
		{C0F615E2-CD26-645F-D489-7AA2D7C74678}.Debug|Any CPU.ActiveCfg = Debug|Any CPU
		{C0F615E2-CD26-645F-D489-7AA2D7C74678}.Debug|Any CPU.Build.0 = Debug|Any CPU
		{C0F615E2-CD26-645F-D489-7AA2D7C74678}.Release|Any CPU.ActiveCfg = Release|Any CPU
		{C0F615E2-CD26-645F-D489-7AA2D7C74678}.Release|Any CPU.Build.0 = Release|Any CPU
	EndGlobalSection
	GlobalSection(SolutionProperties) = preSolution
		HideSolutionNode = FALSE
	EndGlobalSection
	GlobalSection(ExtensibilityGlobals) = postSolution
		SolutionGuid = {5221A018-2441-4F0E-BBDD-84D0E2C8368C}
	EndGlobalSection
EndGlobal
